
Microsoft Visual Studio Solution File, Format Version 12.00
# Visual Studio Version 16
VisualStudioVersion = 16.0.32413.511
MinimumVisualStudioVersion = 10.0.40219.1
Project("{FAE04EC0-301F-11D3-BF4B-00C04F79EFBC}") = "APITest", "APITest.csproj", "{3652507F-C1EE-4765-B486-264846531A9E}"
EndProject
Project("{FAE04EC0-301F-11D3-BF4B-00C04F79EFBC}") = "APIUnitTest", "..\APIUnitTest\APIUnitTest.csproj", "{38BD5BB8-E072-443A-84B2-73D8C4164D79}"
EndProject
Global
	GlobalSection(SolutionConfigurationPlatforms) = preSolution
		Debug|Any CPU = Debug|Any CPU
		Release|Any CPU = Release|Any CPU
	EndGlobalSection
	GlobalSection(ProjectConfigurationPlatforms) = postSolution
		{3652507F-C1EE-4765-B486-264846531A9E}.Debug|Any CPU.ActiveCfg = Debug|Any CPU
		{3652507F-C1EE-4765-B486-264846531A9E}.Debug|Any CPU.Build.0 = Debug|Any CPU
		{3652507F-C1EE-4765-B486-264846531A9E}.Release|Any CPU.ActiveCfg = Release|Any CPU
		{3652507F-C1EE-4765-B486-264846531A9E}.Release|Any CPU.Build.0 = Release|Any CPU
		{38BD5BB8-E072-443A-84B2-73D8C4164D79}.Debug|Any CPU.ActiveCfg = Debug|Any CPU
		{38BD5BB8-E072-443A-84B2-73D8C4164D79}.Debug|Any CPU.Build.0 = Debug|Any CPU
		{38BD5BB8-E072-443A-84B2-73D8C4164D79}.Release|Any CPU.ActiveCfg = Release|Any CPU
		{38BD5BB8-E072-443A-84B2-73D8C4164D79}.Release|Any CPU.Build.0 = Release|Any CPU
	EndGlobalSection
	GlobalSection(SolutionProperties) = preSolution
		HideSolutionNode = FALSE
	EndGlobalSection
	GlobalSection(ExtensibilityGlobals) = postSolution
		SolutionGuid = {541A1D4B-43F8-4F57-8411-2E7B5666FB2B}
	EndGlobalSection
EndGlobal
